
Microsoft Visual Studio Solution File, Format Version 12.00
# Visual Studio Version 17
VisualStudioVersion = 17.5.33424.131
MinimumVisualStudioVersion = 10.0.40219.1
Project("{9A19103F-16F7-4668-BE54-9A1E7A4F7556}") = "BasicWebApi", "BasicWebApi\BasicWebApi.csproj", "{51B72F10-4471-40F3-9033-DDA8731ABCAB}"
EndProject
Project("{2150E333-8FDC-42A3-9474-1A3956D46DE8}") = "Presentation", "Presentation", "{F66293F1-19FF-4523-A44F-205928814D64}"
EndProject
Project("{2150E333-8FDC-42A3-9474-1A3956D46DE8}") = "Auth", "Auth", "{DBC1BB03-0D0B-45FB-8AB9-7E875DBAFF6A}"
EndProject
Global
	GlobalSection(SolutionConfigurationPlatforms) = preSolution
		Debug|Any CPU = Debug|Any CPU
		Release|Any CPU = Release|Any CPU
	EndGlobalSection
	GlobalSection(ProjectConfigurationPlatforms) = postSolution
		{51B72F10-4471-40F3-9033-DDA8731ABCAB}.Debug|Any CPU.ActiveCfg = Debug|Any CPU
		{51B72F10-4471-40F3-9033-DDA8731ABCAB}.Debug|Any CPU.Build.0 = Debug|Any CPU
		{51B72F10-4471-40F3-9033-DDA8731ABCAB}.Release|Any CPU.ActiveCfg = Release|Any CPU
		{51B72F10-4471-40F3-9033-DDA8731ABCAB}.Release|Any CPU.Build.0 = Release|Any CPU
	EndGlobalSection
	GlobalSection(SolutionProperties) = preSolution
		HideSolutionNode = FALSE
	EndGlobalSection
	GlobalSection(NestedProjects) = preSolution
		{51B72F10-4471-40F3-9033-DDA8731ABCAB} = {F66293F1-19FF-4523-A44F-205928814D64}
	EndGlobalSection
	GlobalSection(ExtensibilityGlobals) = postSolution
		SolutionGuid = {29A32400-46E5-4B4C-A4D8-D16B51FB2B77}
	EndGlobalSection
EndGlobal
